
Microsoft Visual Studio Solution File, Format Version 12.00
# Visual Studio Version 16
VisualStudioVersion = 16.0.30621.155
MinimumVisualStudioVersion = 10.0.40219.1
Project("{9A19103F-16F7-4668-BE54-9A1E7A4F7556}") = "Anna_E_Seo_301098222", "Anna_E_Seo_301098222.csproj", "{3B8E6B63-7798-4494-A95C-83C5914CEFF8}"
EndProject
Global
	GlobalSection(SolutionConfigurationPlatforms) = preSolution
		Debug|Any CPU = Debug|Any CPU
		Release|Any CPU = Release|Any CPU
	EndGlobalSection
	GlobalSection(ProjectConfigurationPlatforms) = postSolution
		{3B8E6B63-7798-4494-A95C-83C5914CEFF8}.Debug|Any CPU.ActiveCfg = Debug|Any CPU
		{3B8E6B63-7798-4494-A95C-83C5914CEFF8}.Debug|Any CPU.Build.0 = Debug|Any CPU
		{3B8E6B63-7798-4494-A95C-83C5914CEFF8}.Release|Any CPU.ActiveCfg = Release|Any CPU
		{3B8E6B63-7798-4494-A95C-83C5914CEFF8}.Release|Any CPU.Build.0 = Release|Any CPU
	EndGlobalSection
	GlobalSection(SolutionProperties) = preSolution
		HideSolutionNode = FALSE
	EndGlobalSection
	GlobalSection(ExtensibilityGlobals) = postSolution
		SolutionGuid = {EEB555A7-0ADF-4908-AD42-50CD5C830AA5}
	EndGlobalSection
EndGlobal
